
Microsoft Visual Studio Solution File, Format Version 11.00
# Visual C# Express 2010
Project("{FAE04EC0-301F-11D3-BF4B-00C04F79EFBC}") = "Mighty_Block", "Mighty_Block.csproj", "{01051364-64F4-4C3A-A73A-D824C6DF90E3}"
EndProject
Global
	GlobalSection(SolutionConfigurationPlatforms) = preSolution
		Debug|Xbox 360 = Debug|Xbox 360
		Release|Xbox 360 = Release|Xbox 360
	EndGlobalSection
	GlobalSection(ProjectConfigurationPlatforms) = postSolution
		{01051364-64F4-4C3A-A73A-D824C6DF90E3}.Debug|Xbox 360.ActiveCfg = Debug|Xbox 360
		{01051364-64F4-4C3A-A73A-D824C6DF90E3}.Debug|Xbox 360.Build.0 = Debug|Xbox 360
		{01051364-64F4-4C3A-A73A-D824C6DF90E3}.Debug|Xbox 360.Deploy.0 = Debug|Xbox 360
		{01051364-64F4-4C3A-A73A-D824C6DF90E3}.Release|Xbox 360.ActiveCfg = Release|Xbox 360
		{01051364-64F4-4C3A-A73A-D824C6DF90E3}.Release|Xbox 360.Build.0 = Release|Xbox 360
		{01051364-64F4-4C3A-A73A-D824C6DF90E3}.Release|Xbox 360.Deploy.0 = Release|Xbox 360
	EndGlobalSection
	GlobalSection(SolutionProperties) = preSolution
		HideSolutionNode = FALSE
	EndGlobalSection
EndGlobal
